
Microsoft Visual Studio Solution File, Format Version 12.00
# Visual Studio Version 17
VisualStudioVersion = 17.4.33213.308
MinimumVisualStudioVersion = 10.0.40219.1
Project("{9A19103F-16F7-4668-BE54-9A1E7A4F7556}") = "Cotizaciones", "Cotizaciones\Cotizaciones.csproj", "{AD04E81B-1A67-4286-877B-3B049BF559CB}"
EndProject
Project("{9A19103F-16F7-4668-BE54-9A1E7A4F7556}") = "backend", "backend\backend.csproj", "{248D450C-DED3-4402-88DF-B35D0B0504C0}"
EndProject
Project("{FAE04EC0-301F-11D3-BF4B-00C04F79EFBC}") = "Pruebas", "Pruebas\Pruebas.csproj", "{D0485E48-DBF5-498C-A098-835B02A5A0E6}"
EndProject
Global
	GlobalSection(SolutionConfigurationPlatforms) = preSolution
		Debug|Any CPU = Debug|Any CPU
		Release|Any CPU = Release|Any CPU
	EndGlobalSection
	GlobalSection(ProjectConfigurationPlatforms) = postSolution
		{AD04E81B-1A67-4286-877B-3B049BF559CB}.Debug|Any CPU.ActiveCfg = Debug|Any CPU
		{AD04E81B-1A67-4286-877B-3B049BF559CB}.Debug|Any CPU.Build.0 = Debug|Any CPU
		{AD04E81B-1A67-4286-877B-3B049BF559CB}.Release|Any CPU.ActiveCfg = Release|Any CPU
		{AD04E81B-1A67-4286-877B-3B049BF559CB}.Release|Any CPU.Build.0 = Release|Any CPU
		{248D450C-DED3-4402-88DF-B35D0B0504C0}.Debug|Any CPU.ActiveCfg = Debug|Any CPU
		{248D450C-DED3-4402-88DF-B35D0B0504C0}.Debug|Any CPU.Build.0 = Debug|Any CPU
		{248D450C-DED3-4402-88DF-B35D0B0504C0}.Release|Any CPU.ActiveCfg = Release|Any CPU
		{248D450C-DED3-4402-88DF-B35D0B0504C0}.Release|Any CPU.Build.0 = Release|Any CPU
		{D0485E48-DBF5-498C-A098-835B02A5A0E6}.Debug|Any CPU.ActiveCfg = Debug|Any CPU
		{D0485E48-DBF5-498C-A098-835B02A5A0E6}.Debug|Any CPU.Build.0 = Debug|Any CPU
		{D0485E48-DBF5-498C-A098-835B02A5A0E6}.Release|Any CPU.ActiveCfg = Release|Any CPU
		{D0485E48-DBF5-498C-A098-835B02A5A0E6}.Release|Any CPU.Build.0 = Release|Any CPU
	EndGlobalSection
	GlobalSection(SolutionProperties) = preSolution
		HideSolutionNode = FALSE
	EndGlobalSection
	GlobalSection(ExtensibilityGlobals) = postSolution
		SolutionGuid = {26137BBE-8685-4FF8-8720-C7FE0D63B046}
	EndGlobalSection
EndGlobal
